
Microsoft Visual Studio Solution File, Format Version 12.00
# Visual Studio Version 17
VisualStudioVersion = 17.0.32126.317
MinimumVisualStudioVersion = 10.0.40219.1
Project("{FAE04EC0-301F-11D3-BF4B-00C04F79EFBC}") = "eTickets", "eTickets.csproj", "{13B0EDBE-03D2-4BE8-A160-6530A6DAF36D}"
EndProject
Global
	GlobalSection(SolutionConfigurationPlatforms) = preSolution
		Debug|Any CPU = Debug|Any CPU
		Release|Any CPU = Release|Any CPU
	EndGlobalSection
	GlobalSection(ProjectConfigurationPlatforms) = postSolution
		{13B0EDBE-03D2-4BE8-A160-6530A6DAF36D}.Debug|Any CPU.ActiveCfg = Debug|Any CPU
		{13B0EDBE-03D2-4BE8-A160-6530A6DAF36D}.Debug|Any CPU.Build.0 = Debug|Any CPU
		{13B0EDBE-03D2-4BE8-A160-6530A6DAF36D}.Release|Any CPU.ActiveCfg = Release|Any CPU
		{13B0EDBE-03D2-4BE8-A160-6530A6DAF36D}.Release|Any CPU.Build.0 = Release|Any CPU
	EndGlobalSection
	GlobalSection(SolutionProperties) = preSolution
		HideSolutionNode = FALSE
	EndGlobalSection
	GlobalSection(ExtensibilityGlobals) = postSolution
		SolutionGuid = {4D19114A-61B2-43CF-BA57-F1B9AE93E55C}
	EndGlobalSection
EndGlobal
